PODS:
  - EverLayout (0.4.0):
    - Socket.IO-Client-Swift (= 8.2.0)
  - Socket.IO-Client-Swift (8.2.0)

DEPENDENCIES:
  - EverLayout

SPEC CHECKSUMS:
  EverLayout: 87aa00413a6e6fecc0a7872473135fc18132bd52
  Socket.IO-Client-Swift: 900cf511777045c80d1ce1f11f71261e87765dd1

PODFILE CHECKSUM: 158fa711ff1356916ffe39c7adb1fa0e020003e5

COCOAPODS: 1.2.0
